
Microsoft Visual Studio Solution File, Format Version 12.00
# Visual Studio 15
VisualStudioVersion = 15.0.28307.902
MinimumVisualStudioVersion = 10.0.40219.1
Project("{FAE04EC0-301F-11D3-BF4B-00C04F79EFBC}") = "DBAdmin_v10", "DBAdmin_v10\DBAdmin_v10.csproj", "{9AFC7444-BDD7-4F46-8DDF-0900095C92EE}"
EndProject
Global
	GlobalSection(SolutionConfigurationPlatforms) = preSolution
		Debug|Any CPU = Debug|Any CPU
		Release|Any CPU = Release|Any CPU
	EndGlobalSection
	GlobalSection(ProjectConfigurationPlatforms) = postSolution
		{9AFC7444-BDD7-4F46-8DDF-0900095C92EE}.Debug|Any CPU.ActiveCfg = Debug|Any CPU
		{9AFC7444-BDD7-4F46-8DDF-0900095C92EE}.Debug|Any CPU.Build.0 = Debug|Any CPU
		{9AFC7444-BDD7-4F46-8DDF-0900095C92EE}.Release|Any CPU.ActiveCfg = Release|Any CPU
		{9AFC7444-BDD7-4F46-8DDF-0900095C92EE}.Release|Any CPU.Build.0 = Release|Any CPU
	EndGlobalSection
	GlobalSection(SolutionProperties) = preSolution
		HideSolutionNode = FALSE
	EndGlobalSection
	GlobalSection(ExtensibilityGlobals) = postSolution
		SolutionGuid = {51FBC9F6-DFE1-49D5-A019-EAEC5FA083F9}
	EndGlobalSection
EndGlobal
